// !$*UTF8*$!
{
	archiveVersion = 1;
	classes = {
	};
	objectVersion = 46;
	objects = {

/* Begin PBXBuildFile section */
		172C96A91BE6CF0A008A6BE1 /* AppDelegate.swift in Sources */ = {isa = PBXBuildFile; fileRef = 172C96A81BE6CF0A008A6BE1 /* AppDelegate.swift */; };
		172C96AB1BE6CF0A008A6BE1 /* ViewController.swift in Sources */ = {isa = PBXBuildFile; fileRef = 172C96AA1BE6CF0A008A6BE1 /* ViewController.swift */; };
		172C96AE1BE6CF0A008A6BE1 /* Main.storyboard in Resources */ = {isa = PBXBuildFile; fileRef = 172C96AC1BE6CF0A008A6BE1 /* Main.storyboard */; };
		172C96B01BE6CF0A008A6BE1 /* Assets.xcassets in Resources */ = {isa = PBXBuildFile; fileRef = 172C96AF1BE6CF0A008A6BE1 /* Assets.xcassets */; };
		172C96B31BE6CF0A008A6BE1 /* LaunchScreen.storyboard in Resources */ = {isa = PBXBuildFile; fileRef = 172C96B11BE6CF0A008A6BE1 /* LaunchScreen.storyboard */; };
		172C96BB1BE6D039008A6BE1 /* pokemon.csv in Resources */ = {isa = PBXBuildFile; fileRef = 172C96BA1BE6D039008A6BE1 /* pokemon.csv */; };
		17532D931BEC466000D719F6 /* Pokemon.swift in Sources */ = {isa = PBXBuildFile; fileRef = 17532D921BEC466000D719F6 /* Pokemon.swift */; };
		17532D961BEC4F4B00D719F6 /* PokeCell.swift in Sources */ = {isa = PBXBuildFile; fileRef = 17532D951BEC4F4B00D719F6 /* PokeCell.swift */; };
/* End PBXBuildFile section */

/* Begin PBXFileReference section */
		172C96A51BE6CF0A008A6BE1 /* Pokedex.app */ = {isa = PBXFileReference; explicitFileType = wrapper.application; includeInIndex = 0; path = Pokedex.app; sourceTree = BUILT_PRODUCTS_DIR; };
		172C96A81BE6CF0A008A6BE1 /* AppDelegate.swift */ = {isa = PBXFileReference; lastKnownFileType = sourcecode.swift; path = AppDelegate.swift; sourceTree = "<group>"; };
		172C96AA1BE6CF0A008A6BE1 /* ViewController.swift */ = {isa = PBXFileReference; lastKnownFileType = sourcecode.swift; path = ViewController.swift; sourceTree = "<group>"; };
		172C96AD1BE6CF0A008A6BE1 /* Base */ = {isa = PBXFileReference; lastKnownFileType = file.storyboard; name = Base; path = Base.lproj/Main.storyboard; sourceTree = "<group>"; };
		172C96AF1BE6CF0A008A6BE1 /* Assets.xcassets */ = {isa = PBXFileReference; lastKnownFileType = folder.assetcatalog; path = Assets.xcassets; sourceTree = "<group>"; };
		172C96B21BE6CF0A008A6BE1 /* Base */ = {isa = PBXFileReference; lastKnownFileType = file.storyboard; name = Base; path = Base.lproj/LaunchScreen.storyboard; sourceTree = "<group>"; };
		172C96B41BE6CF0A008A6BE1 /* Info.plist */ = {isa = PBXFileReference; lastKnownFileType = text.plist.xml; path = Info.plist; sourceTree = "<group>"; };
		172C96BA1BE6D039008A6BE1 /* pokemon.csv */ = {isa = PBXFileReference; fileEncoding = 4; lastKnownFileType = text; path = pokemon.csv; sourceTree = "<group>"; };
		17532D921BEC466000D719F6 /* Pokemon.swift */ = {isa = PBXFileReference; fileEncoding = 4; lastKnownFileType = sourcecode.swift; path = Pokemon.swift; sourceTree = "<group>"; };
		17532D951BEC4F4B00D719F6 /* PokeCell.swift */ = {isa = PBXFileReference; fileEncoding = 4; lastKnownFileType = sourcecode.swift; path = PokeCell.swift; sourceTree = "<group>"; };
/* End PBXFileReference section */

/* Begin PBXFrameworksBuildPhase section */
		172C96A21BE6CF0A008A6BE1 /* Frameworks */ = {
			isa = PBXFrameworksBuildPhase;
			buildActionMask = 2147483647;
			files = (
			);
			runOnlyForDeploymentPostprocessing = 0;
		};
/* End PBXFrameworksBuildPhase section */

/* Begin PBXGroup section */
		172C969C1BE6CF0A008A6BE1 = {
			isa = PBXGroup;
			children = (
				172C96A71BE6CF0A008A6BE1 /* Pokedex */,
				172C96A61BE6CF0A008A6BE1 /* Products */,
			);
			sourceTree = "<group>";
		};
		172C96A61BE6CF0A008A6BE1 /* Products */ = {
			isa = PBXGroup;
			children = (
				172C96A51BE6CF0A008A6BE1 /* Pokedex.app */,
			);
			name = Products;
			sourceTree = "<group>";
		};
		172C96A71BE6CF0A008A6BE1 /* Pokedex */ = {
			isa = PBXGroup;
			children = (
				17532D911BEC464A00D719F6 /* Model */,
				17532D941BEC4F0500D719F6 /* View */,
				172C96A81BE6CF0A008A6BE1 /* AppDelegate.swift */,
				172C96AA1BE6CF0A008A6BE1 /* ViewController.swift */,
				172C96AC1BE6CF0A008A6BE1 /* Main.storyboard */,
				172C96BA1BE6D039008A6BE1 /* pokemon.csv */,
				172C96AF1BE6CF0A008A6BE1 /* Assets.xcassets */,
				172C96B11BE6CF0A008A6BE1 /* LaunchScreen.storyboard */,
				172C96B41BE6CF0A008A6BE1 /* Info.plist */,
			);
			path = Pokedex;
			sourceTree = "<group>";
		};
		17532D911BEC464A00D719F6 /* Model */ = {
			isa = PBXGroup;
			children = (
				17532D921BEC466000D719F6 /* Pokemon.swift */,
			);
			name = Model;
			sourceTree = "<group>";
		};
		17532D941BEC4F0500D719F6 /* View */ = {
			isa = PBXGroup;
			children = (
				17532D951BEC4F4B00D719F6 /* PokeCell.swift */,
			);
			name = View;
			sourceTree = "<group>";
		};
/* End PBXGroup section */

/* Begin PBXNativeTarget section */
		172C96A41BE6CF0A008A6BE1 /* Pokedex */ = {
			isa = PBXNativeTarget;
			buildConfigurationList = 172C96B71BE6CF0A008A6BE1 /* Build configuration list for PBXNativeTarget "Pokedex" */;
			buildPhases = (
				172C96A11BE6CF0A008A6BE1 /* Sources */,
				172C96A21BE6CF0A008A6BE1 /* Frameworks */,
				172C96A31BE6CF0A008A6BE1 /* Resources */,
			);
			buildRules = (
			);
			dependencies = (
			);
			name = Pokedex;
			productName = Pokedex;
			productReference = 172C96A51BE6CF0A008A6BE1 /* Pokedex.app */;
			productType = "com.apple.product-type.application";
		};
/* End PBXNativeTarget section */

/* Begin PBXProject section */
		172C969D1BE6CF0A008A6BE1 /* Project object */ = {
			isa = PBXProject;
			attributes = {
				LastSwiftUpdateCheck = 0710;
				LastUpgradeCheck = 0710;
				ORGANIZATIONNAME = "Sachin Virdy";
				TargetAttributes = {
					172C96A41BE6CF0A008A6BE1 = {
						CreatedOnToolsVersion = 7.1;
					};
				};
			};
			buildConfigurationList = 172C96A01BE6CF0A008A6BE1 /* Build configuration list for PBXProject "Pokedex" */;
			compatibilityVersion = "Xcode 3.2";
			developmentRegion = English;
			hasScannedForEncodings = 0;
			knownRegions = (
				en,
				Base,
			);
			mainGroup = 172C969C1BE6CF0A008A6BE1;
			productRefGroup = 172C96A61BE6CF0A008A6BE1 /* Products */;
			projectDirPath = "";
			projectRoot = "";
			targets = (
				172C96A41BE6CF0A008A6BE1 /* Pokedex */,
			);
		};
/* End PBXProject section */

/* Begin PBXResourcesBuildPhase section */
		172C96A31BE6CF0A008A6BE1 /* Resources */ = {
			isa = PBXResourcesBuildPhase;
			buildActionMask = 2147483647;
			files = (
				172C96B31BE6CF0A008A6BE1 /* LaunchScreen.storyboard in Resources */,
				172C96B01BE6CF0A008A6BE1 /* Assets.xcassets in Resources */,
				172C96BB1BE6D039008A6BE1 /* pokemon.csv in Resources */,
				172C96AE1BE6CF0A008A6BE1 /* Main.storyboard in Resources */,
			);
			runOnlyForDeploymentPostprocessing = 0;
		};
/* End PBXResourcesBuildPhase section */

/* Begin PBXSourcesBuildPhase section */
		172C96A11BE6CF0A008A6BE1 /* Sources */ = {
			isa = PBXSourcesBuildPhase;
			buildActionMask = 2147483647;
			files = (
				17532D961BEC4F4B00D719F6 /* PokeCell.swift in Sources */,
				172C96AB1BE6CF0A008A6BE1 /* ViewController.swift in Sources */,
				172C96A91BE6CF0A008A6BE1 /* AppDelegate.swift in Sources */,
				17532D931BEC466000D719F6 /* Pokemon.swift in Sources */,
			);
			runOnlyForDeploymentPostprocessing = 0;
		};
/* End PBXSourcesBuildPhase section */

/* Begin PBXVariantGroup section */
		172C96AC1BE6CF0A008A6BE1 /* Main.storyboard */ = {
			isa = PBXVariantGroup;
			children = (
				172C96AD1BE6CF0A008A6BE1 /* Base */,
			);
			name = Main.storyboard;
			sourceTree = "<group>";
		};
		172C96B11BE6CF0A008A6BE1 /* LaunchScreen.storyboard */ = {
			isa = PBXVariantGroup;
			children = (
				172C96B21BE6CF0A008A6BE1 /* Base */,
			);
			name = LaunchScreen.storyboard;
			sourceTree = "<group>";
		};
/* End PBXVariantGroup section */

/* Begin XCBuildConfiguration section */
		172C96B51BE6CF0A008A6BE1 /* Debug */ = {
			isa = XCBuildConfiguration;
			buildSettings = {
				ALWAYS_SEARCH_USER_PATHS = NO;
				CLANG_CXX_LANGUAGE_STANDARD = "gnu++0x";
				CLANG_CXX_LIBRARY = "libc++";
				CLANG_ENABLE_MODULES = YES;
				CLANG_ENABLE_OBJC_ARC = YES;
				CLANG_WARN_BOOL_CONVERSION = YES;
				CLANG_WARN_CONSTANT_CONVERSION = YES;
				CLANG_WARN_DIRECT_OBJC_ISA_USAGE = YES_ERROR;
				CLANG_WARN_EMPTY_BODY = YES;
				CLANG_WARN_ENUM_CONVERSION = YES;
				CLANG_WARN_INT_CONVERSION = YES;
				CLANG_WARN_OBJC_ROOT_CLASS = YES_ERROR;
				CLANG_WARN_UNREACHABLE_CODE = YES;
				CLANG_WARN__DUPLICATE_METHOD_MATCH = YES;
				"CODE_SIGN_IDENTITY[sdk=iphoneos*]" = "iPhone Developer";
				COPY_PHASE_STRIP = NO;
				DEBUG_INFORMATION_FORMAT = dwarf;
				ENABLE_STRICT_OBJC_MSGSEND = YES;
				ENABLE_TESTABILITY = YES;
				GCC_C_LANGUAGE_STANDARD = gnu99;
				GCC_DYNAMIC_NO_PIC = NO;
				GCC_NO_COMMON_BLOCKS = YES;
				GCC_OPTIMIZATION_LEVEL = 0;
				GCC_PREPROCESSOR_DEFINITIONS = (
					"DEBUG=1",
					"$(inherited)",
				);
				GCC_WARN_64_TO_32_BIT_CONVERSION = YES;
				GCC_WARN_ABOUT_RETURN_TYPE = YES_ERROR;
				GCC_WARN_UNDECLARED_SELECTOR = YES;
				GCC_WARN_UNINITIALIZED_AUTOS = YES_AGGRESSIVE;
				GCC_WARN_UNUSED_FUNCTION = YES;
				GCC_WARN_UNUSED_VARIABLE = YES;
				IPHONEOS_DEPLOYMENT_TARGET = 9.1;
				MTL_ENABLE_DEBUG_INFO = YES;
				ONLY_ACTIVE_ARCH = YES;
				SDKROOT = iphoneos;
				SWIFT_OPTIMIZATION_LEVEL = "-Onone";
				TARGETED_DEVICE_FAMILY = "1,2";
			};
			name = Debug;
		};
		172C96B61BE6CF0A008A6BE1 /* Release */ = {
			isa = XCBuildConfiguration;
			buildSettings = {
				ALWAYS_SEARCH_USER_PATHS = NO;
				CLANG_CXX_LANGUAGE_STANDARD = "gnu++0x";
				CLANG_CXX_LIBRARY = "libc++";
				CLANG_ENABLE_MODULES = YES;
				CLANG_ENABLE_OBJC_ARC = YES;
				CLANG_WARN_BOOL_CONVERSION = YES;
				CLANG_WARN_CONSTANT_CONVERSION = YES;
				CLANG_WARN_DIRECT_OBJC_ISA_USAGE = YES_ERROR;
				CLANG_WARN_EMPTY_BODY = YES;
				CLANG_WARN_ENUM_CONVERSION = YES;
				CLANG_WARN_INT_CONVERSION = YES;
				CLANG_WARN_OBJC_ROOT_CLASS = YES_ERROR;
				CLANG_WARN_UNREACHABLE_CODE = YES;
				CLANG_WARN__DUPLICATE_METHOD_MATCH = YES;
				"CODE_SIGN_IDENTITY[sdk=iphoneos*]" = "iPhone Developer";
				COPY_PHASE_STRIP = NO;
				DEBUG_INFORMATION_FORMAT = "dwarf-with-dsym";
				ENABLE_NS_ASSERTIONS = NO;
				ENABLE_STRICT_OBJC_MSGSEND = YES;
				GCC_C_LANGUAGE_STANDARD = gnu99;
				GCC_NO_COMMON_BLOCKS = YES;
				GCC_WARN_64_TO_32_BIT_CONVERSION = YES;
				GCC_WARN_ABOUT_RETURN_TYPE = YES_ERROR;
				GCC_WARN_UNDECLARED_SELECTOR = YES;
				GCC_WARN_UNINITIALIZED_AUTOS = YES_AGGRESSIVE;
				GCC_WARN_UNUSED_FUNCTION = YES;
				GCC_WARN_UNUSED_VARIABLE = YES;
				IPHONEOS_DEPLOYMENT_TARGET = 9.1;
				MTL_ENABLE_DEBUG_INFO = NO;
				SDKROOT = iphoneos;
				TARGETED_DEVICE_FAMILY = "1,2";
				VALIDATE_PRODUCT = YES;
			};
			name = Release;
		};
		172C96B81BE6CF0A008A6BE1 /* Debug */ = {
			isa = XCBuildConfiguration;
			buildSettings = {
				ASSETCATALOG_COMPILER_APPICON_NAME = AppIcon;
				INFOPLIST_FILE = Pokedex/Info.plist;
				LD_RUNPATH_SEARCH_PATHS = "$(inherited) @executable_path/Frameworks";
				PRODUCT_BUNDLE_IDENTIFIER = com.sachinvirdy.Pokedex;
				PRODUCT_NAME = "$(TARGET_NAME)";
			};
			name = Debug;
		};
		172C96B91BE6CF0A008A6BE1 /* Release */ = {
			isa = XCBuildConfiguration;
			buildSettings = {
				ASSETCATALOG_COMPILER_APPICON_NAME = AppIcon;
				INFOPLIST_FILE = Pokedex/Info.plist;
				LD_RUNPATH_SEARCH_PATHS = "$(inherited) @executable_path/Frameworks";
				PRODUCT_BUNDLE_IDENTIFIER = com.sachinvirdy.Pokedex;
				PRODUCT_NAME = "$(TARGET_NAME)";
			};
			name = Release;
		};
/* End XCBuildConfiguration section */

/* Begin XCConfigurationList section */
		172C96A01BE6CF0A008A6BE1 /* Build configuration list for PBXProject "Pokedex" */ = {
			isa = XCConfigurationList;
			buildConfigurations = (
				172C96B51BE6CF0A008A6BE1 /* Debug */,
				172C96B61BE6CF0A008A6BE1 /* Release */,
			);
			defaultConfigurationIsVisible = 0;
			defaultConfigurationName = Release;
		};
		172C96B71BE6CF0A008A6BE1 /* Build configuration list for PBXNativeTarget "Pokedex" */ = {
			isa = XCConfigurationList;
			buildConfigurations = (
				172C96B81BE6CF0A008A6BE1 /* Debug */,
				172C96B91BE6CF0A008A6BE1 /* Release */,
			);
			defaultConfigurationIsVisible = 0;
			defaultConfigurationName = Release;
		};
/* End XCConfigurationList section */
	};
	rootObject = 172C969D1BE6CF0A008A6BE1 /* Project object */;
}
